
Microsoft Visual Studio Solution File, Format Version 12.00
# Visual Studio 2012
Project("{FAE04EC0-301F-11D3-BF4B-00C04F79EFBC}") = "CameraAppDemo.iOS", "iOS\CameraAppDemo.iOS.csproj", "{A6A7B260-92DE-4754-9875-AA08F9122C4D}"
EndProject
Project("{FAE04EC0-301F-11D3-BF4B-00C04F79EFBC}") = "CameraAppDemo.Droid", "Droid\CameraAppDemo.Droid.csproj", "{0674A2D2-67DA-4AE3-A087-4C6A75C47A5C}"
EndProject
Project("{FAE04EC0-301F-11D3-BF4B-00C04F79EFBC}") = "CameraAppDemo", "CameraAppDemo\CameraAppDemo.csproj", "{D9091BDE-BA38-4319-A85C-A540E46127D3}"
EndProject
Project("{FAE04EC0-301F-11D3-BF4B-00C04F79EFBC}") = "CameraAppDemo.UITests", "UITests\CameraAppDemo.UITests.csproj", "{AE449D35-4F69-4BB6-BCE6-CBB9BE890C8D}"
EndProject
Global
	GlobalSection(SolutionConfigurationPlatforms) = preSolution
		Debug|iPhoneSimulator = Debug|iPhoneSimulator
		Release|iPhone = Release|iPhone
		Release|iPhoneSimulator = Release|iPhoneSimulator
		Debug|iPhone = Debug|iPhone
		Debug|Any CPU = Debug|Any CPU
		Release|Any CPU = Release|Any CPU
	EndGlobalSection
	GlobalSection(ProjectConfigurationPlatforms) = postSolution
		{0674A2D2-67DA-4AE3-A087-4C6A75C47A5C}.Debug|Any CPU.ActiveCfg = Debug|Any CPU
		{0674A2D2-67DA-4AE3-A087-4C6A75C47A5C}.Debug|Any CPU.Build.0 = Debug|Any CPU
		{0674A2D2-67DA-4AE3-A087-4C6A75C47A5C}.Debug|iPhone.ActiveCfg = Debug|Any CPU
		{0674A2D2-67DA-4AE3-A087-4C6A75C47A5C}.Debug|iPhone.Build.0 = Debug|Any CPU
		{0674A2D2-67DA-4AE3-A087-4C6A75C47A5C}.Debug|iPhoneSimulator.ActiveCfg = Debug|Any CPU
		{0674A2D2-67DA-4AE3-A087-4C6A75C47A5C}.Debug|iPhoneSimulator.Build.0 = Debug|Any CPU
		{0674A2D2-67DA-4AE3-A087-4C6A75C47A5C}.Release|Any CPU.ActiveCfg = Release|Any CPU
		{0674A2D2-67DA-4AE3-A087-4C6A75C47A5C}.Release|Any CPU.Build.0 = Release|Any CPU
		{0674A2D2-67DA-4AE3-A087-4C6A75C47A5C}.Release|iPhone.ActiveCfg = Release|Any CPU
		{0674A2D2-67DA-4AE3-A087-4C6A75C47A5C}.Release|iPhone.Build.0 = Release|Any CPU
		{0674A2D2-67DA-4AE3-A087-4C6A75C47A5C}.Release|iPhoneSimulator.ActiveCfg = Release|Any CPU
		{0674A2D2-67DA-4AE3-A087-4C6A75C47A5C}.Release|iPhoneSimulator.Build.0 = Release|Any CPU
		{A6A7B260-92DE-4754-9875-AA08F9122C4D}.Debug|Any CPU.ActiveCfg = Debug|iPhoneSimulator
		{A6A7B260-92DE-4754-9875-AA08F9122C4D}.Debug|Any CPU.Build.0 = Debug|iPhoneSimulator
		{A6A7B260-92DE-4754-9875-AA08F9122C4D}.Debug|iPhone.ActiveCfg = Debug|iPhone
		{A6A7B260-92DE-4754-9875-AA08F9122C4D}.Debug|iPhone.Build.0 = Debug|iPhone
		{A6A7B260-92DE-4754-9875-AA08F9122C4D}.Debug|iPhoneSimulator.ActiveCfg = Debug|iPhoneSimulator
		{A6A7B260-92DE-4754-9875-AA08F9122C4D}.Debug|iPhoneSimulator.Build.0 = Debug|iPhoneSimulator
		{A6A7B260-92DE-4754-9875-AA08F9122C4D}.Release|Any CPU.ActiveCfg = Release|iPhone
		{A6A7B260-92DE-4754-9875-AA08F9122C4D}.Release|Any CPU.Build.0 = Release|iPhone
		{A6A7B260-92DE-4754-9875-AA08F9122C4D}.Release|iPhone.ActiveCfg = Release|iPhone
		{A6A7B260-92DE-4754-9875-AA08F9122C4D}.Release|iPhone.Build.0 = Release|iPhone
		{A6A7B260-92DE-4754-9875-AA08F9122C4D}.Release|iPhoneSimulator.ActiveCfg = Release|iPhoneSimulator
		{A6A7B260-92DE-4754-9875-AA08F9122C4D}.Release|iPhoneSimulator.Build.0 = Release|iPhoneSimulator
		{AE449D35-4F69-4BB6-BCE6-CBB9BE890C8D}.Debug|Any CPU.ActiveCfg = Debug|Any CPU
		{AE449D35-4F69-4BB6-BCE6-CBB9BE890C8D}.Debug|Any CPU.Build.0 = Debug|Any CPU
		{AE449D35-4F69-4BB6-BCE6-CBB9BE890C8D}.Debug|iPhone.ActiveCfg = Debug|Any CPU
		{AE449D35-4F69-4BB6-BCE6-CBB9BE890C8D}.Debug|iPhone.Build.0 = Debug|Any CPU
		{AE449D35-4F69-4BB6-BCE6-CBB9BE890C8D}.Debug|iPhoneSimulator.ActiveCfg = Debug|Any CPU
		{AE449D35-4F69-4BB6-BCE6-CBB9BE890C8D}.Debug|iPhoneSimulator.Build.0 = Debug|Any CPU
		{AE449D35-4F69-4BB6-BCE6-CBB9BE890C8D}.Release|Any CPU.ActiveCfg = Release|Any CPU
		{AE449D35-4F69-4BB6-BCE6-CBB9BE890C8D}.Release|Any CPU.Build.0 = Release|Any CPU
		{AE449D35-4F69-4BB6-BCE6-CBB9BE890C8D}.Release|iPhone.ActiveCfg = Release|Any CPU
		{AE449D35-4F69-4BB6-BCE6-CBB9BE890C8D}.Release|iPhone.Build.0 = Release|Any CPU
		{AE449D35-4F69-4BB6-BCE6-CBB9BE890C8D}.Release|iPhoneSimulator.ActiveCfg = Release|Any CPU
		{AE449D35-4F69-4BB6-BCE6-CBB9BE890C8D}.Release|iPhoneSimulator.Build.0 = Release|Any CPU
		{D9091BDE-BA38-4319-A85C-A540E46127D3}.Debug|Any CPU.ActiveCfg = Debug|Any CPU
		{D9091BDE-BA38-4319-A85C-A540E46127D3}.Debug|Any CPU.Build.0 = Debug|Any CPU
		{D9091BDE-BA38-4319-A85C-A540E46127D3}.Debug|iPhone.ActiveCfg = Debug|Any CPU
		{D9091BDE-BA38-4319-A85C-A540E46127D3}.Debug|iPhone.Build.0 = Debug|Any CPU
		{D9091BDE-BA38-4319-A85C-A540E46127D3}.Debug|iPhoneSimulator.ActiveCfg = Debug|Any CPU
		{D9091BDE-BA38-4319-A85C-A540E46127D3}.Debug|iPhoneSimulator.Build.0 = Debug|Any CPU
		{D9091BDE-BA38-4319-A85C-A540E46127D3}.Release|Any CPU.ActiveCfg = Release|Any CPU
		{D9091BDE-BA38-4319-A85C-A540E46127D3}.Release|Any CPU.Build.0 = Release|Any CPU
		{D9091BDE-BA38-4319-A85C-A540E46127D3}.Release|iPhone.ActiveCfg = Release|Any CPU
		{D9091BDE-BA38-4319-A85C-A540E46127D3}.Release|iPhone.Build.0 = Release|Any CPU
		{D9091BDE-BA38-4319-A85C-A540E46127D3}.Release|iPhoneSimulator.ActiveCfg = Release|Any CPU
		{D9091BDE-BA38-4319-A85C-A540E46127D3}.Release|iPhoneSimulator.Build.0 = Release|Any CPU
	EndGlobalSection
EndGlobal
